
Microsoft Visual Studio Solution File, Format Version 12.00
# Visual Studio Version 17
VisualStudioVersion = 17.5.002.0
MinimumVisualStudioVersion = 10.0.40219.1
Project("{2150E333-8FDC-42A3-9474-1A3956D46DE8}") = "Backend", "Backend", "{DC502D30-1FBB-4D98-9C8B-FD79CCA6088D}"
EndProject
Project("{2150E333-8FDC-42A3-9474-1A3956D46DE8}") = "src", "src", "{57816413-D4EF-46E2-963A-AC5275EE2766}"
EndProject
Project("{9A19103F-16F7-4668-BE54-9A1E7A4F7556}") = "ProEvetos.API", "Backend\src\ProEvetos.API\ProEvetos.API.csproj", "{11EEA448-6183-46EC-805E-D90A0AF35DF7}"
EndProject
Global
	GlobalSection(SolutionConfigurationPlatforms) = preSolution
		Debug|Any CPU = Debug|Any CPU
		Release|Any CPU = Release|Any CPU
	EndGlobalSection
	GlobalSection(ProjectConfigurationPlatforms) = postSolution
		{11EEA448-6183-46EC-805E-D90A0AF35DF7}.Debug|Any CPU.ActiveCfg = Debug|Any CPU
		{11EEA448-6183-46EC-805E-D90A0AF35DF7}.Debug|Any CPU.Build.0 = Debug|Any CPU
		{11EEA448-6183-46EC-805E-D90A0AF35DF7}.Release|Any CPU.ActiveCfg = Release|Any CPU
		{11EEA448-6183-46EC-805E-D90A0AF35DF7}.Release|Any CPU.Build.0 = Release|Any CPU
	EndGlobalSection
	GlobalSection(SolutionProperties) = preSolution
		HideSolutionNode = FALSE
	EndGlobalSection
	GlobalSection(NestedProjects) = preSolution
		{57816413-D4EF-46E2-963A-AC5275EE2766} = {DC502D30-1FBB-4D98-9C8B-FD79CCA6088D}
		{11EEA448-6183-46EC-805E-D90A0AF35DF7} = {57816413-D4EF-46E2-963A-AC5275EE2766}
	EndGlobalSection
	GlobalSection(ExtensibilityGlobals) = postSolution
		SolutionGuid = {515FAADC-1F2C-45CC-A6AD-FA0D9E470B55}
	EndGlobalSection
EndGlobal
